
Microsoft Visual Studio Solution File, Format Version 12.00
# Visual Studio Version 17
VisualStudioVersion = 17.0.32014.148
MinimumVisualStudioVersion = 10.0.40219.1
Project("{FAE04EC0-301F-11D3-BF4B-00C04F79EFBC}") = "Advent-Of-Code-2015", "Advent-Of-Code-2015\Advent-Of-Code-2015.csproj", "{BF7DC4F0-E733-4D26-ACFD-9245B5B994CA}"
EndProject
Global
	GlobalSection(SolutionConfigurationPlatforms) = preSolution
		Debug|Any CPU = Debug|Any CPU
		Release|Any CPU = Release|Any CPU
	EndGlobalSection
	GlobalSection(ProjectConfigurationPlatforms) = postSolution
		{BF7DC4F0-E733-4D26-ACFD-9245B5B994CA}.Debug|Any CPU.ActiveCfg = Debug|Any CPU
		{BF7DC4F0-E733-4D26-ACFD-9245B5B994CA}.Debug|Any CPU.Build.0 = Debug|Any CPU
		{BF7DC4F0-E733-4D26-ACFD-9245B5B994CA}.Release|Any CPU.ActiveCfg = Release|Any CPU
		{BF7DC4F0-E733-4D26-ACFD-9245B5B994CA}.Release|Any CPU.Build.0 = Release|Any CPU
	EndGlobalSection
	GlobalSection(SolutionProperties) = preSolution
		HideSolutionNode = FALSE
	EndGlobalSection
	GlobalSection(ExtensibilityGlobals) = postSolution
		SolutionGuid = {62E57507-814C-48BA-8438-02B2470C0CBD}
	EndGlobalSection
EndGlobal
